
Microsoft Visual Studio Solution File, Format Version 12.00
# Visual Studio Version 16
VisualStudioVersion = 16.0.29424.173
MinimumVisualStudioVersion = 10.0.40219.1
Project("{FAE04EC0-301F-11D3-BF4B-00C04F79EFBC}") = "CognitiveServices", "CognitiveServices\CognitiveServices.csproj", "{11F7103E-086B-4B8D-833E-ED6D2D7BB8EC}"
EndProject
Global
	GlobalSection(SolutionConfigurationPlatforms) = preSolution
		Debug|Any CPU = Debug|Any CPU
		Release|Any CPU = Release|Any CPU
	EndGlobalSection
	GlobalSection(ProjectConfigurationPlatforms) = postSolution
		{11F7103E-086B-4B8D-833E-ED6D2D7BB8EC}.Debug|Any CPU.ActiveCfg = Debug|Any CPU
		{11F7103E-086B-4B8D-833E-ED6D2D7BB8EC}.Debug|Any CPU.Build.0 = Debug|Any CPU
		{11F7103E-086B-4B8D-833E-ED6D2D7BB8EC}.Release|Any CPU.ActiveCfg = Release|Any CPU
		{11F7103E-086B-4B8D-833E-ED6D2D7BB8EC}.Release|Any CPU.Build.0 = Release|Any CPU
	EndGlobalSection
	GlobalSection(SolutionProperties) = preSolution
		HideSolutionNode = FALSE
	EndGlobalSection
	GlobalSection(ExtensibilityGlobals) = postSolution
		SolutionGuid = {708C2156-4142-48C3-B2C5-3117643F44FF}
	EndGlobalSection
EndGlobal
